
Microsoft Visual Studio Solution File, Format Version 12.00
# Visual Studio Version 17
VisualStudioVersion = 17.0.31717.71
MinimumVisualStudioVersion = 10.0.40219.1
Project("{9A19103F-16F7-4668-BE54-9A1E7A4F7556}") = "Natsuki-API", "Natsuki-API.csproj", "{40F37E78-AEC5-486E-9079-2C3773C16A9B}"
EndProject
Project("{2150E333-8FDC-42A3-9474-1A3956D46DE8}") = "Solution Items", "Solution Items", "{D0CF2862-3578-45FC-BF0D-19D84CE66F89}"
	ProjectSection(SolutionItems) = preProject
		.editorconfig = .editorconfig
	EndProjectSection
EndProject
Global
	GlobalSection(SolutionConfigurationPlatforms) = preSolution
		Debug|Any CPU = Debug|Any CPU
		Release|Any CPU = Release|Any CPU
	EndGlobalSection
	GlobalSection(ProjectConfigurationPlatforms) = postSolution
		{40F37E78-AEC5-486E-9079-2C3773C16A9B}.Debug|Any CPU.ActiveCfg = Debug|Any CPU
		{40F37E78-AEC5-486E-9079-2C3773C16A9B}.Debug|Any CPU.Build.0 = Debug|Any CPU
		{40F37E78-AEC5-486E-9079-2C3773C16A9B}.Release|Any CPU.ActiveCfg = Release|Any CPU
		{40F37E78-AEC5-486E-9079-2C3773C16A9B}.Release|Any CPU.Build.0 = Release|Any CPU
	EndGlobalSection
	GlobalSection(SolutionProperties) = preSolution
		HideSolutionNode = FALSE
	EndGlobalSection
	GlobalSection(ExtensibilityGlobals) = postSolution
		SolutionGuid = {2BCE8D2D-1954-4E9A-BE24-96967D2776AD}
	EndGlobalSection
EndGlobal
